
Microsoft Visual Studio Solution File, Format Version 12.00
# Visual Studio 15
Project("{FAE04EC0-301F-11D3-BF4B-00C04F79EFBC}") = "AgeCheck", "AgeCheck\AgeCheck.csproj", "{2117EF64-5C48-427C-815B-156AB9F7BAB0}"
EndProject
Global
	GlobalSection(SolutionConfigurationPlatforms) = preSolution
		Debug|Any CPU = Debug|Any CPU
		Release|Any CPU = Release|Any CPU
	EndGlobalSection
	GlobalSection(ProjectConfigurationPlatforms) = postSolution
		{2117EF64-5C48-427C-815B-156AB9F7BAB0}.Debug|Any CPU.ActiveCfg = Debug|Any CPU
		{2117EF64-5C48-427C-815B-156AB9F7BAB0}.Debug|Any CPU.Build.0 = Debug|Any CPU
		{2117EF64-5C48-427C-815B-156AB9F7BAB0}.Release|Any CPU.ActiveCfg = Release|Any CPU
		{2117EF64-5C48-427C-815B-156AB9F7BAB0}.Release|Any CPU.Build.0 = Release|Any CPU
	EndGlobalSection
EndGlobal
