
Microsoft Visual Studio Solution File, Format Version 12.00
# Visual Studio 15
Project("{FAE04EC0-301F-11D3-BF4B-00C04F79EFBC}") = "newProj", "newProj\newProj.csproj", "{B8326F34-4F01-4211-B70B-80C174F7CCE0}"
EndProject
Global
	GlobalSection(SolutionConfigurationPlatforms) = preSolution
		Debug|anycpu = Debug|anycpu
		Release|anycpu = Release|anycpu
	EndGlobalSection
	GlobalSection(ProjectConfigurationPlatforms) = postSolution
		{B8326F34-4F01-4211-B70B-80C174F7CCE0}.Debug|anycpu.ActiveCfg = Debug|anycpu
		{B8326F34-4F01-4211-B70B-80C174F7CCE0}.Debug|anycpu.Build.0 = Debug|anycpu
		{B8326F34-4F01-4211-B70B-80C174F7CCE0}.Release|anycpu.ActiveCfg = Release|anycpu
		{B8326F34-4F01-4211-B70B-80C174F7CCE0}.Release|anycpu.Build.0 = Release|anycpu
	EndGlobalSection
EndGlobal
